<?xml version="1.0" encoding="utf-8"?>
<Project ToolsVersion="4.0" xmlns="http://schemas.microsoft.com/developer/msbuild/2003">
  <ItemGroup>
    <Filter Include="Generated Files">
      <UniqueIdentifier>{71ED8ED8-ACB9-4CE9-BBE1-E00B30144E11}</UniqueIdentifier>
      <Extensions>cpp;c;cxx;moc;h;def;odl;idl;res;</Extensions>
    </Filter>
    <Filter Include="Generated Files">
      <UniqueIdentifier>{71ED8ED8-ACB9-4CE9-BBE1-E00B30144E11}</UniqueIdentifier>
      <Extensions>cpp;c;cxx;moc;h;def;odl;idl;res;</Extensions>
    </Filter>
    <Filter Include="Header Files">
      <UniqueIdentifier>{93995380-89BD-4b04-88EB-625FBE52EBFB}</UniqueIdentifier>
      <Extensions>h;hpp;hxx;hm;inl;inc;xsd</Extensions>
    </Filter>
    <Filter Include="Header Files">
      <UniqueIdentifier>{93995380-89BD-4b04-88EB-625FBE52EBFB}</UniqueIdentifier>
      <Extensions>h;hpp;hxx;hm;inl;inc;xsd</Extensions>
    </Filter>
    <Filter Include="Resource Files">
      <UniqueIdentifier>{D9D6E242-F8AF-46E4-B9FD-80ECBC20BA3E}</UniqueIdentifier>
      <Extensions>qrc;*</Extensions>
      <ParseFiles>false</ParseFiles>
    </Filter>
    <Filter Include="Resource Files">
      <UniqueIdentifier>{D9D6E242-F8AF-46E4-B9FD-80ECBC20BA3E}</UniqueIdentifier>
      <Extensions>qrc;*</Extensions>
      <ParseFiles>false</ParseFiles>
    </Filter>
    <Filter Include="Source Files">
      <UniqueIdentifier>{4FC737F1-C7A5-4376-A066-2A32D752A2FF}</UniqueIdentifier>
      <Extensions>cpp;c;cxx;def;odl;idl;hpj;bat;asm;asmx</Extensions>
    </Filter>
    <Filter Include="Source Files">
      <UniqueIdentifier>{4FC737F1-C7A5-4376-A066-2A32D752A2FF}</UniqueIdentifier>
      <Extensions>cpp;c;cxx;def;odl;idl;hpj;bat;asm;asmx</Extensions>
    </Filter>
  </ItemGroup>
  <ItemGroup>
    <ClCompile Include="about_dialog.cpp">
      <Filter>Source Files</Filter>
    </ClCompile>
    <ClCompile Include="active_file_chooser.cpp">
      <Filter>Source Files</Filter>
    </ClCompile>
    <ClCompile Include="adjustfiltersettings.cpp">
      <Filter>Source Files</Filter>
    </ClCompile>
    <ClCompile Include="annotations_dock.cpp">
      <Filter>Source Files</Filter>
    </ClCompile>
    <ClCompile Include="ascii2edf.cpp">
      <Filter>Source Files</Filter>
    </ClCompile>
    <ClCompile Include="ascii_export.cpp">
      <Filter>Source Files</Filter>
    </ClCompile>
    <ClCompile Include="averager_curve_wnd.cpp">
      <Filter>Source Files</Filter>
    </ClCompile>
    <ClCompile Include="averager_dialog.cpp">
      <Filter>Source Files</Filter>
    </ClCompile>
    <ClCompile Include="bdf2edf.cpp">
      <Filter>Source Files</Filter>
    </ClCompile>
    <ClCompile Include="bdf_triggers.cpp">
      <Filter>Source Files</Filter>
    </ClCompile>
    <ClCompile Include="bi9800.cpp">
      <Filter>Source Files</Filter>
    </ClCompile>
    <ClCompile Include="biosemi2bdfplus.cpp">
      <Filter>Source Files</Filter>
    </ClCompile>
    <ClCompile Include="biox2edf.cpp">
      <Filter>Source Files</Filter>
    </ClCompile>
    <ClCompile Include="check_edf_file.cpp">
      <Filter>Source Files</Filter>
    </ClCompile>
    <ClCompile Include="check_for_updates.cpp">
      <Filter>Source Files</Filter>
    </ClCompile>
    <ClCompile Include="colordialog.cpp">
      <Filter>Source Files</Filter>
    </ClCompile>
    <ClCompile Include="date_time_stamp_parser.c">
      <Filter>Source Files</Filter>
    </ClCompile>
    <ClCompile Include="ecg_export.cpp">
      <Filter>Source Files</Filter>
    </ClCompile>
    <ClCompile Include="ecg_filter.cpp">
      <Filter>Source Files</Filter>
    </ClCompile>
    <ClCompile Include="edf_annot_list.c">
      <Filter>Source Files</Filter>
    </ClCompile>
    <ClCompile Include="edf_annotations.cpp">
      <Filter>Source Files</Filter>
    </ClCompile>
    <ClCompile Include="edf_compat.cpp">
      <Filter>Source Files</Filter>
    </ClCompile>
    <ClCompile Include="edflib.c">
      <Filter>Source Files</Filter>
    </ClCompile>
    <ClCompile Include="edfplusd_cnv.cpp">
      <Filter>Source Files</Filter>
    </ClCompile>
    <ClCompile Include="edit_annotation_dock.cpp">
      <Filter>Source Files</Filter>
    </ClCompile>
    <ClCompile Include="edit_predefined_mtg.cpp">
      <Filter>Source Files</Filter>
    </ClCompile>
    <ClCompile Include="emsa2edf.cpp">
      <Filter>Source Files</Filter>
    </ClCompile>
    <ClCompile Include="export_annotations.cpp">
      <Filter>Source Files</Filter>
    </ClCompile>
    <ClCompile Include="models\fftcalculationresult.cpp">
      <Filter>Source Files</Filter>
    </ClCompile>
    <ClCompile Include="third_party\fidlib\fidlib.c">
      <Filter>Source Files</Filter>
    </ClCompile>
    <ClCompile Include="filter.cpp">
      <Filter>Source Files</Filter>
    </ClCompile>
    <ClCompile Include="filter_dialog.cpp">
      <Filter>Source Files</Filter>
    </ClCompile>
    <ClCompile Include="filtercurve.cpp">
      <Filter>Source Files</Filter>
    </ClCompile>
    <ClCompile Include="filteredblockread.cpp">
      <Filter>Source Files</Filter>
    </ClCompile>
    <ClCompile Include="fino2edf.cpp">
      <Filter>Source Files</Filter>
    </ClCompile>
    <ClCompile Include="flywheel.cpp">
      <Filter>Source Files</Filter>
    </ClCompile>
    <ClCompile Include="fma_ecg2edf.cpp">
      <Filter>Source Files</Filter>
    </ClCompile>
    <ClCompile Include="header_editor.cpp">
      <Filter>Source Files</Filter>
    </ClCompile>
    <ClCompile Include="models\histogramsignalgroup.cpp">
      <Filter>Source Files</Filter>
    </ClCompile>
    <ClCompile Include="import_annotations.cpp">
      <Filter>Source Files</Filter>
    </ClCompile>
    <ClCompile Include="jump_dialog.cpp">
      <Filter>Source Files</Filter>
    </ClCompile>
    <ClCompile Include="third_party\kiss_fft\kiss_fft.c">
      <Filter>Source Files</Filter>
    </ClCompile>
    <ClCompile Include="third_party\kiss_fft\kiss_fftr.c">
      <Filter>Source Files</Filter>
    </ClCompile>
    <ClCompile Include="load_montage_dialog.cpp">
      <Filter>Source Files</Filter>
    </ClCompile>
    <ClCompile Include="main.cpp">
      <Filter>Source Files</Filter>
    </ClCompile>
    <ClCompile Include="mainwindow.cpp">
      <Filter>Source Files</Filter>
    </ClCompile>
    <ClCompile Include="manscan2edf.cpp">
      <Filter>Source Files</Filter>
    </ClCompile>
    <ClCompile Include="mit2edf.cpp">
      <Filter>Source Files</Filter>
    </ClCompile>
    <ClCompile Include="multitargetsupport.cpp">
      <Filter>Source Files</Filter>
    </ClCompile>
    <ClCompile Include="nexfin2edf.cpp">
      <Filter>Source Files</Filter>
    </ClCompile>
    <ClCompile Include="nk2edf.cpp">
      <Filter>Source Files</Filter>
    </ClCompile>
    <ClCompile Include="options_dialog.cpp">
      <Filter>Source Files</Filter>
    </ClCompile>
    <ClCompile Include="pagetime_dialog.cpp">
      <Filter>Source Files</Filter>
    </ClCompile>
    <ClCompile Include="popup_messagewindow.cpp">
      <Filter>Source Files</Filter>
    </ClCompile>
    <ClCompile Include="popup_save_cancelwindow.cpp">
      <Filter>Source Files</Filter>
    </ClCompile>
    <ClCompile Include="print_to_bdf.cpp">
      <Filter>Source Files</Filter>
    </ClCompile>
    <ClCompile Include="print_to_edf.cpp">
      <Filter>Source Files</Filter>
    </ClCompile>
    <ClCompile Include="ravg_filter.cpp">
      <Filter>Source Files</Filter>
    </ClCompile>
    <ClCompile Include="raw2edf.cpp">
      <Filter>Source Files</Filter>
    </ClCompile>
    <ClCompile Include="reduce_signals.cpp">
      <Filter>Source Files</Filter>
    </ClCompile>
    <ClCompile Include="save_annots.cpp">
      <Filter>Source Files</Filter>
    </ClCompile>
    <ClCompile Include="save_montage_dialog.cpp">
      <Filter>Source Files</Filter>
    </ClCompile>
    <ClCompile Include="scp_ecg2edf.cpp">
      <Filter>Source Files</Filter>
    </ClCompile>
    <ClCompile Include="show_actual_montage_dialog.cpp">
      <Filter>Source Files</Filter>
    </ClCompile>
    <ClCompile Include="show_edf_hdr.cpp">
      <Filter>Source Files</Filter>
    </ClCompile>
    <ClCompile Include="models\signal.cpp">
      <Filter>Source Files</Filter>
    </ClCompile>
    <ClCompile Include="signal_chooser.cpp">
      <Filter>Source Files</Filter>
    </ClCompile>
    <ClCompile Include="signalcurve.cpp">
      <Filter>Source Files</Filter>
    </ClCompile>
    <ClCompile Include="signals_dialog.cpp">
      <Filter>Source Files</Filter>
    </ClCompile>
    <ClCompile Include="special_button.cpp">
      <Filter>Source Files</Filter>
    </ClCompile>
    <ClCompile Include="spectrum_dock.cpp">
      <Filter>Source Files</Filter>
    </ClCompile>
    <ClCompile Include="spectrumanalyzer.cpp">
      <Filter>Source Files</Filter>
    </ClCompile>
    <ClCompile Include="spike_filter.cpp">
      <Filter>Source Files</Filter>
    </ClCompile>
    <ClCompile Include="spike_filter_dialog.cpp">
      <Filter>Source Files</Filter>
    </ClCompile>
    <ClCompile Include="statistics_dialog.cpp">
      <Filter>Source Files</Filter>
    </ClCompile>
    <ClCompile Include="unisens2edf.cpp">
      <Filter>Source Files</Filter>
    </ClCompile>
    <ClCompile Include="utc_date_time.c">
      <Filter>Source Files</Filter>
    </ClCompile>
    <ClCompile Include="utils.c">
      <Filter>Source Files</Filter>
    </ClCompile>
    <ClCompile Include="view_montage_dialog.cpp">
      <Filter>Source Files</Filter>
    </ClCompile>
    <ClCompile Include="viewcurve.cpp">
      <Filter>Source Files</Filter>
    </ClCompile>
    <ClCompile Include="wav2edf.cpp">
      <Filter>Source Files</Filter>
    </ClCompile>
    <ClCompile Include="xml.cpp">
      <Filter>Source Files</Filter>
    </ClCompile>
    <ClCompile Include="z_ratio_filter.cpp">
      <Filter>Source Files</Filter>
    </ClCompile>
    <ClCompile Include="z_score_dialog.cpp">
      <Filter>Source Files</Filter>
    </ClCompile>
  </ItemGroup>
  <ItemGroup>
    <ClInclude Include="third_party\kiss_fft\_kiss_fft_guts.h">
      <Filter>Header Files</Filter>
    </ClInclude>
    <CustomBuild Include="about_dialog.h">
      <Filter>Header Files</Filter>
    </CustomBuild>
    <CustomBuild Include="active_file_chooser.h">
      <Filter>Header Files</Filter>
    </CustomBuild>
    <CustomBuild Include="adjustfiltersettings.h">
      <Filter>Header Files</Filter>
    </CustomBuild>
    <CustomBuild Include="annotations_dock.h">
      <Filter>Header Files</Filter>
    </CustomBuild>
    <CustomBuild Include="ascii2edf.h">
      <Filter>Header Files</Filter>
    </CustomBuild>
    <CustomBuild Include="ascii_export.h">
      <Filter>Header Files</Filter>
    </CustomBuild>
    <CustomBuild Include="averager_curve_wnd.h">
      <Filter>Header Files</Filter>
    </CustomBuild>
    <CustomBuild Include="averager_dialog.h">
      <Filter>Header Files</Filter>
    </CustomBuild>
    <CustomBuild Include="bdf2edf.h">
      <Filter>Header Files</Filter>
    </CustomBuild>
    <ClInclude Include="bdf_triggers.h">
      <Filter>Header Files</Filter>
    </ClInclude>
    <CustomBuild Include="bi9800.h">
      <Filter>Header Files</Filter>
    </CustomBuild>
    <CustomBuild Include="biosemi2bdfplus.h">
      <Filter>Header Files</Filter>
    </CustomBuild>
    <CustomBuild Include="biox2edf.h">
      <Filter>Header Files</Filter>
    </CustomBuild>
    <ClInclude Include="check_edf_file.h">
      <Filter>Header Files</Filter>
    </ClInclude>
    <CustomBuild Include="check_for_updates.h">
      <Filter>Header Files</Filter>
    </CustomBuild>
    <CustomBuild Include="colordialog.h">
      <Filter>Header Files</Filter>
    </CustomBuild>
    <ClInclude Include="date_time_stamp_parser.h">
      <Filter>Header Files</Filter>
    </ClInclude>
    <CustomBuild Include="ecg_export.h">
      <Filter>Header Files</Filter>
    </CustomBuild>
    <ClInclude Include="ecg_filter.h">
      <Filter>Header Files</Filter>
    </ClInclude>
    <ClInclude Include="edf_annot_list.h">
      <Filter>Header Files</Filter>
    </ClInclude>
    <ClInclude Include="edf_annotations.h">
      <Filter>Header Files</Filter>
    </ClInclude>
    <CustomBuild Include="edf_compat.h">
      <Filter>Header Files</Filter>
    </CustomBuild>
    <ClInclude Include="edflib.h">
      <Filter>Header Files</Filter>
    </ClInclude>
    <CustomBuild Include="edfplusd_cnv.h">
      <Filter>Header Files</Filter>
    </CustomBuild>
    <CustomBuild Include="edit_annotation_dock.h">
      <Filter>Header Files</Filter>
    </CustomBuild>
    <CustomBuild Include="edit_predefined_mtg.h">
      <Filter>Header Files</Filter>
    </CustomBuild>
    <CustomBuild Include="emsa2edf.h">
      <Filter>Header Files</Filter>
    </CustomBuild>
    <CustomBuild Include="export_annotations.h">
      <Filter>Header Files</Filter>
    </CustomBuild>
    <CustomBuild Include="models\fftcalculationresult.h">
      <Filter>Header Files</Filter>
    </CustomBuild>
    <ClInclude Include="third_party\fidlib\fidlib.h">
      <Filter>Header Files</Filter>
    </ClInclude>
    <ClInclude Include="third_party\fidlib\fidmkf.h">
      <Filter>Header Files</Filter>
    </ClInclude>
    <ClInclude Include="third_party\fidlib\fidrf_cmdlist.h">
      <Filter>Header Files</Filter>
    </ClInclude>
    <ClInclude Include="filter.h">
      <Filter>Header Files</Filter>
    </ClInclude>
    <CustomBuild Include="filter_dialog.h">
      <Filter>Header Files</Filter>
    </CustomBuild>
    <CustomBuild Include="filtercurve.h">
      <Filter>Header Files</Filter>
    </CustomBuild>
    <ClInclude Include="filteredblockread.h">
      <Filter>Header Files</Filter>
    </ClInclude>
    <CustomBuild Include="fino2edf.h">
      <Filter>Header Files</Filter>
    </CustomBuild>
    <CustomBuild Include="flywheel.h">
      <Filter>Header Files</Filter>
    </CustomBuild>
    <CustomBuild Include="fma_ecg2edf.h">
      <Filter>Header Files</Filter>
    </CustomBuild>
    <ClInclude Include="global.h">
      <Filter>Header Files</Filter>
    </ClInclude>
    <CustomBuild Include="header_editor.h">
      <Filter>Header Files</Filter>
    </CustomBuild>
    <CustomBuild Include="models\histogramsignalgroup.h">
      <Filter>Header Files</Filter>
    </CustomBuild>
    <CustomBuild Include="import_annotations.h">
      <Filter>Header Files</Filter>
    </CustomBuild>
    <CustomBuild Include="jump_dialog.h">
      <Filter>Header Files</Filter>
    </CustomBuild>
    <ClInclude Include="third_party\kiss_fft\kiss_fft.h">
      <Filter>Header Files</Filter>
    </ClInclude>
    <ClInclude Include="third_party\kiss_fft\kiss_fftr.h">
      <Filter>Header Files</Filter>
    </ClInclude>
    <CustomBuild Include="load_montage_dialog.h">
      <Filter>Header Files</Filter>
    </CustomBuild>
    <CustomBuild Include="mainwindow.h">
      <Filter>Header Files</Filter>
    </CustomBuild>
    <CustomBuild Include="manscan2edf.h">
      <Filter>Header Files</Filter>
    </CustomBuild>
    <CustomBuild Include="mit2edf.h">
      <Filter>Header Files</Filter>
    </CustomBuild>
    <ClInclude Include="multitargetsupport.h">
      <Filter>Header Files</Filter>
    </ClInclude>
    <CustomBuild Include="nexfin2edf.h">
      <Filter>Header Files</Filter>
    </CustomBuild>
    <CustomBuild Include="nk2edf.h">
      <Filter>Header Files</Filter>
    </CustomBuild>
    <CustomBuild Include="options_dialog.h">
      <Filter>Header Files</Filter>
    </CustomBuild>
    <CustomBuild Include="pagetime_dialog.h">
      <Filter>Header Files</Filter>
    </CustomBuild>
    <CustomBuild Include="popup_messagewindow.h">
      <Filter>Header Files</Filter>
    </CustomBuild>
    <CustomBuild Include="popup_save_cancelwindow.h">
      <Filter>Header Files</Filter>
    </CustomBuild>
    <ClInclude Include="print_to_bdf.h">
      <Filter>Header Files</Filter>
    </ClInclude>
    <ClInclude Include="print_to_edf.h">
      <Filter>Header Files</Filter>
    </ClInclude>
    <ClInclude Include="ravg_filter.h">
      <Filter>Header Files</Filter>
    </ClInclude>
    <CustomBuild Include="raw2edf.h">
      <Filter>Header Files</Filter>
    </CustomBuild>
    <CustomBuild Include="reduce_signals.h">
      <Filter>Header Files</Filter>
    </CustomBuild>
    <ClInclude Include="save_annots.h">
      <Filter>Header Files</Filter>
    </ClInclude>
    <CustomBuild Include="save_montage_dialog.h">
      <Filter>Header Files</Filter>
    </CustomBuild>
    <CustomBuild Include="scp_ecg2edf.h">
      <Filter>Header Files</Filter>
    </CustomBuild>
    <CustomBuild Include="show_actual_montage_dialog.h">
      <Filter>Header Files</Filter>
    </CustomBuild>
    <CustomBuild Include="show_edf_hdr.h">
      <Filter>Header Files</Filter>
    </CustomBuild>
    <CustomBuild Include="models\signal.h">
      <Filter>Header Files</Filter>
    </CustomBuild>
    <CustomBuild Include="signal_chooser.h">
      <Filter>Header Files</Filter>
    </CustomBuild>
    <ClInclude Include="models\signalcompblock.h">
      <Filter>Header Files</Filter>
    </ClInclude>
    <CustomBuild Include="signalcurve.h">
      <Filter>Header Files</Filter>
    </CustomBuild>
    <CustomBuild Include="signals_dialog.h">
      <Filter>Header Files</Filter>
    </CustomBuild>
    <ClInclude Include="models\signaltype.h">
      <Filter>Header Files</Filter>
    </ClInclude>
    <CustomBuild Include="special_button.h">
      <Filter>Header Files</Filter>
    </CustomBuild>
    <CustomBuild Include="spectrum_dock.h">
      <Filter>Header Files</Filter>
    </CustomBuild>
    <CustomBuild Include="spectrumanalyzer.h">
      <Filter>Header Files</Filter>
    </CustomBuild>
    <ClInclude Include="spike_filter.h">
      <Filter>Header Files</Filter>
    </ClInclude>
    <CustomBuild Include="spike_filter_dialog.h">
      <Filter>Header Files</Filter>
    </CustomBuild>
    <CustomBuild Include="statistics_dialog.h">
      <Filter>Header Files</Filter>
    </CustomBuild>
    <CustomBuild Include="unisens2edf.h">
      <Filter>Header Files</Filter>
    </CustomBuild>
    <ClInclude Include="utc_date_time.h">
      <Filter>Header Files</Filter>
    </ClInclude>
    <ClInclude Include="utils.h">
      <Filter>Header Files</Filter>
    </ClInclude>
    <CustomBuild Include="view_montage_dialog.h">
      <Filter>Header Files</Filter>
    </CustomBuild>
    <CustomBuild Include="viewcurve.h">
      <Filter>Header Files</Filter>
    </CustomBuild>
    <CustomBuild Include="wav2edf.h">
      <Filter>Header Files</Filter>
    </CustomBuild>
    <ClInclude Include="xml.h">
      <Filter>Header Files</Filter>
    </ClInclude>
    <ClInclude Include="z_ratio_filter.h">
      <Filter>Header Files</Filter>
    </ClInclude>
    <CustomBuild Include="z_score_dialog.h">
      <Filter>Header Files</Filter>
    </CustomBuild>
  </ItemGroup>
  <ItemGroup>
    <ClCompile Include="moc\moc_about_dialog.cpp">
      <Filter>Generated Files</Filter>
    </ClCompile>
    <ClCompile Include="moc\moc_active_file_chooser.cpp">
      <Filter>Generated Files</Filter>
    </ClCompile>
    <ClCompile Include="moc\moc_adjustfiltersettings.cpp">
      <Filter>Generated Files</Filter>
    </ClCompile>
    <ClCompile Include="moc\moc_annotations_dock.cpp">
      <Filter>Generated Files</Filter>
    </ClCompile>
    <ClCompile Include="moc\moc_ascii2edf.cpp">
      <Filter>Generated Files</Filter>
    </ClCompile>
    <ClCompile Include="moc\moc_ascii_export.cpp">
      <Filter>Generated Files</Filter>
    </ClCompile>
    <ClCompile Include="moc\moc_averager_curve_wnd.cpp">
      <Filter>Generated Files</Filter>
    </ClCompile>
    <ClCompile Include="moc\moc_averager_dialog.cpp">
      <Filter>Generated Files</Filter>
    </ClCompile>
    <ClCompile Include="moc\moc_bdf2edf.cpp">
      <Filter>Generated Files</Filter>
    </ClCompile>
    <ClCompile Include="moc\moc_bi9800.cpp">
      <Filter>Generated Files</Filter>
    </ClCompile>
    <ClCompile Include="moc\moc_biosemi2bdfplus.cpp">
      <Filter>Generated Files</Filter>
    </ClCompile>
    <ClCompile Include="moc\moc_biox2edf.cpp">
      <Filter>Generated Files</Filter>
    </ClCompile>
    <ClCompile Include="moc\moc_check_for_updates.cpp">
      <Filter>Generated Files</Filter>
    </ClCompile>
    <ClCompile Include="moc\moc_colordialog.cpp">
      <Filter>Generated Files</Filter>
    </ClCompile>
    <ClCompile Include="moc\moc_ecg_export.cpp">
      <Filter>Generated Files</Filter>
    </ClCompile>
    <ClCompile Include="moc\moc_edf_compat.cpp">
      <Filter>Generated Files</Filter>
    </ClCompile>
    <ClCompile Include="moc\moc_edfplusd_cnv.cpp">
      <Filter>Generated Files</Filter>
    </ClCompile>
    <ClCompile Include="moc\moc_edit_annotation_dock.cpp">
      <Filter>Generated Files</Filter>
    </ClCompile>
    <ClCompile Include="moc\moc_edit_predefined_mtg.cpp">
      <Filter>Generated Files</Filter>
    </ClCompile>
    <ClCompile Include="moc\moc_emsa2edf.cpp">
      <Filter>Generated Files</Filter>
    </ClCompile>
    <ClCompile Include="moc\moc_export_annotations.cpp">
      <Filter>Generated Files</Filter>
    </ClCompile>
    <ClCompile Include="moc\moc_fftcalculationresult.cpp">
      <Filter>Generated Files</Filter>
    </ClCompile>
    <ClCompile Include="moc\moc_filter_dialog.cpp">
      <Filter>Generated Files</Filter>
    </ClCompile>
    <ClCompile Include="moc\moc_filtercurve.cpp">
      <Filter>Generated Files</Filter>
    </ClCompile>
    <ClCompile Include="moc\moc_fino2edf.cpp">
      <Filter>Generated Files</Filter>
    </ClCompile>
    <ClCompile Include="moc\moc_flywheel.cpp">
      <Filter>Generated Files</Filter>
    </ClCompile>
    <ClCompile Include="moc\moc_fma_ecg2edf.cpp">
      <Filter>Generated Files</Filter>
    </ClCompile>
    <ClCompile Include="moc\moc_header_editor.cpp">
      <Filter>Generated Files</Filter>
    </ClCompile>
    <ClCompile Include="moc\moc_histogramsignalgroup.cpp">
      <Filter>Generated Files</Filter>
    </ClCompile>
    <ClCompile Include="moc\moc_import_annotations.cpp">
      <Filter>Generated Files</Filter>
    </ClCompile>
    <ClCompile Include="moc\moc_jump_dialog.cpp">
      <Filter>Generated Files</Filter>
    </ClCompile>
    <ClCompile Include="moc\moc_load_montage_dialog.cpp">
      <Filter>Generated Files</Filter>
    </ClCompile>
    <ClCompile Include="moc\moc_mainwindow.cpp">
      <Filter>Generated Files</Filter>
    </ClCompile>
    <ClCompile Include="moc\moc_manscan2edf.cpp">
      <Filter>Generated Files</Filter>
    </ClCompile>
    <ClCompile Include="moc\moc_mit2edf.cpp">
      <Filter>Generated Files</Filter>
    </ClCompile>
    <ClCompile Include="moc\moc_nexfin2edf.cpp">
      <Filter>Generated Files</Filter>
    </ClCompile>
    <ClCompile Include="moc\moc_nk2edf.cpp">
      <Filter>Generated Files</Filter>
    </ClCompile>
    <ClCompile Include="moc\moc_options_dialog.cpp">
      <Filter>Generated Files</Filter>
    </ClCompile>
    <ClCompile Include="moc\moc_pagetime_dialog.cpp">
      <Filter>Generated Files</Filter>
    </ClCompile>
    <ClCompile Include="moc\moc_popup_messagewindow.cpp">
      <Filter>Generated Files</Filter>
    </ClCompile>
    <ClCompile Include="moc\moc_popup_save_cancelwindow.cpp">
      <Filter>Generated Files</Filter>
    </ClCompile>
    <ClCompile Include="moc\moc_raw2edf.cpp">
      <Filter>Generated Files</Filter>
    </ClCompile>
    <ClCompile Include="moc\moc_reduce_signals.cpp">
      <Filter>Generated Files</Filter>
    </ClCompile>
    <ClCompile Include="moc\moc_save_montage_dialog.cpp">
      <Filter>Generated Files</Filter>
    </ClCompile>
    <ClCompile Include="moc\moc_scp_ecg2edf.cpp">
      <Filter>Generated Files</Filter>
    </ClCompile>
    <ClCompile Include="moc\moc_show_actual_montage_dialog.cpp">
      <Filter>Generated Files</Filter>
    </ClCompile>
    <ClCompile Include="moc\moc_show_edf_hdr.cpp">
      <Filter>Generated Files</Filter>
    </ClCompile>
    <ClCompile Include="moc\moc_signal.cpp">
      <Filter>Generated Files</Filter>
    </ClCompile>
    <ClCompile Include="moc\moc_signal_chooser.cpp">
      <Filter>Generated Files</Filter>
    </ClCompile>
    <ClCompile Include="moc\moc_signalcurve.cpp">
      <Filter>Generated Files</Filter>
    </ClCompile>
    <ClCompile Include="moc\moc_signals_dialog.cpp">
      <Filter>Generated Files</Filter>
    </ClCompile>
    <ClCompile Include="moc\moc_special_button.cpp">
      <Filter>Generated Files</Filter>
    </ClCompile>
    <ClCompile Include="moc\moc_spectrum_dock.cpp">
      <Filter>Generated Files</Filter>
    </ClCompile>
    <ClCompile Include="moc\moc_spectrumanalyzer.cpp">
      <Filter>Generated Files</Filter>
    </ClCompile>
    <ClCompile Include="moc\moc_spike_filter_dialog.cpp">
      <Filter>Generated Files</Filter>
    </ClCompile>
    <ClCompile Include="moc\moc_statistics_dialog.cpp">
      <Filter>Generated Files</Filter>
    </ClCompile>
    <ClCompile Include="moc\moc_unisens2edf.cpp">
      <Filter>Generated Files</Filter>
    </ClCompile>
    <ClCompile Include="moc\moc_view_montage_dialog.cpp">
      <Filter>Generated Files</Filter>
    </ClCompile>
    <ClCompile Include="moc\moc_viewcurve.cpp">
      <Filter>Generated Files</Filter>
    </ClCompile>
    <ClCompile Include="moc\moc_wav2edf.cpp">
      <Filter>Generated Files</Filter>
    </ClCompile>
    <ClCompile Include="moc\moc_z_score_dialog.cpp">
      <Filter>Generated Files</Filter>
    </ClCompile>
    <ClCompile Include="debug\qrc_images.cpp">
      <Filter>Generated Files</Filter>
    </ClCompile>
    <ClCompile Include="release\qrc_images.cpp">
      <Filter>Generated Files</Filter>
    </ClCompile>
  </ItemGroup>
  <ItemGroup>
    <None Include="images\edf.png">
      <Filter>Resource Files</Filter>
    </None>
    <CustomBuild Include="images.qrc">
      <Filter>Resource Files</Filter>
    </CustomBuild>
    <None Include="images\ok.png">
      <Filter>Resource Files</Filter>
    </None>
    <None Include="images\splash.png">
      <Filter>Resource Files</Filter>
    </None>
  </ItemGroup>
  <ItemGroup>
    <ResourceCompile Include="edfbrowser.rc" />
  </ItemGroup>
</Project>